
Microsoft Visual Studio Solution File, Format Version 12.00
# Visual Studio Version 16
VisualStudioVersion = 16.0.30011.22
MinimumVisualStudioVersion = 10.0.40219.1
Project("{FAE04EC0-301F-11D3-BF4B-00C04F79EFBC}") = "WebApplication1", "WebApplication1\WebApplication1.csproj", "{AB9E7468-5E5C-4FC5-8AE6-91725E3423D0}"
EndProject
Project("{FAE04EC0-301F-11D3-BF4B-00C04F79EFBC}") = "lemonway.services", "lemonway.services\lemonway.services.csproj", "{5C304CD5-61AC-4D37-9585-C7DBD631ECA7}"
EndProject
Project("{FAE04EC0-301F-11D3-BF4B-00C04F79EFBC}") = "lemonway.test", "lemonway.test\lemonway.test.csproj", "{665A2BA8-6962-4A19-97B3-667AA654F5CA}"
EndProject
Global
	GlobalSection(SolutionConfigurationPlatforms) = preSolution
		Debug|Any CPU = Debug|Any CPU
		Release|Any CPU = Release|Any CPU
	EndGlobalSection
	GlobalSection(ProjectConfigurationPlatforms) = postSolution
		{AB9E7468-5E5C-4FC5-8AE6-91725E3423D0}.Debug|Any CPU.ActiveCfg = Debug|Any CPU
		{AB9E7468-5E5C-4FC5-8AE6-91725E3423D0}.Debug|Any CPU.Build.0 = Debug|Any CPU
		{AB9E7468-5E5C-4FC5-8AE6-91725E3423D0}.Release|Any CPU.ActiveCfg = Release|Any CPU
		{AB9E7468-5E5C-4FC5-8AE6-91725E3423D0}.Release|Any CPU.Build.0 = Release|Any CPU
		{5C304CD5-61AC-4D37-9585-C7DBD631ECA7}.Debug|Any CPU.ActiveCfg = Debug|Any CPU
		{5C304CD5-61AC-4D37-9585-C7DBD631ECA7}.Debug|Any CPU.Build.0 = Debug|Any CPU
		{5C304CD5-61AC-4D37-9585-C7DBD631ECA7}.Release|Any CPU.ActiveCfg = Release|Any CPU
		{5C304CD5-61AC-4D37-9585-C7DBD631ECA7}.Release|Any CPU.Build.0 = Release|Any CPU
		{665A2BA8-6962-4A19-97B3-667AA654F5CA}.Debug|Any CPU.ActiveCfg = Debug|Any CPU
		{665A2BA8-6962-4A19-97B3-667AA654F5CA}.Debug|Any CPU.Build.0 = Debug|Any CPU
		{665A2BA8-6962-4A19-97B3-667AA654F5CA}.Release|Any CPU.ActiveCfg = Release|Any CPU
		{665A2BA8-6962-4A19-97B3-667AA654F5CA}.Release|Any CPU.Build.0 = Release|Any CPU
	EndGlobalSection
	GlobalSection(SolutionProperties) = preSolution
		HideSolutionNode = FALSE
	EndGlobalSection
	GlobalSection(ExtensibilityGlobals) = postSolution
		SolutionGuid = {178F89FF-C538-4502-A4CD-2BC3D1BCCC04}
	EndGlobalSection
EndGlobal
